
Microsoft Visual Studio Solution File, Format Version 12.00
# Visual Studio 15
VisualStudioVersion = 15.0.27703.2035
MinimumVisualStudioVersion = 10.0.40219.1
Project("{FAE04EC0-301F-11D3-BF4B-00C04F79EFBC}") = "OAuthTest", "OAuthTest\OAuthTest.csproj", "{88962281-5FF4-4031-BFA5-1E97BEFFD5D8}"
EndProject
Global
	GlobalSection(SolutionConfigurationPlatforms) = preSolution
		Debug|Any CPU = Debug|Any CPU
		Release|Any CPU = Release|Any CPU
	EndGlobalSection
	GlobalSection(ProjectConfigurationPlatforms) = postSolution
		{88962281-5FF4-4031-BFA5-1E97BEFFD5D8}.Debug|Any CPU.ActiveCfg = Debug|Any CPU
		{88962281-5FF4-4031-BFA5-1E97BEFFD5D8}.Debug|Any CPU.Build.0 = Debug|Any CPU
		{88962281-5FF4-4031-BFA5-1E97BEFFD5D8}.Release|Any CPU.ActiveCfg = Release|Any CPU
		{88962281-5FF4-4031-BFA5-1E97BEFFD5D8}.Release|Any CPU.Build.0 = Release|Any CPU
	EndGlobalSection
	GlobalSection(SolutionProperties) = preSolution
		HideSolutionNode = FALSE
	EndGlobalSection
	GlobalSection(ExtensibilityGlobals) = postSolution
		SolutionGuid = {666E9F1F-E05B-4C7B-82D4-E2A8BE072B58}
	EndGlobalSection
EndGlobal
